
Microsoft Visual Studio Solution File, Format Version 12.00
# Visual Studio Version 17
VisualStudioVersion = 17.7.34031.279
MinimumVisualStudioVersion = 10.0.40219.1
Project("{888888A0-9F3D-457C-B088-3A5042F75D52}") = "SocialMediaDataVisualzation", "SocialMediaDataVisualzation.pyproj", "{89E31797-9A92-42A6-BD9D-3D02C23029BD}"
EndProject
Global
	GlobalSection(SolutionConfigurationPlatforms) = preSolution
		Debug|Any CPU = Debug|Any CPU
		Release|Any CPU = Release|Any CPU
	EndGlobalSection
	GlobalSection(ProjectConfigurationPlatforms) = postSolution
		{89E31797-9A92-42A6-BD9D-3D02C23029BD}.Debug|Any CPU.ActiveCfg = Debug|Any CPU
		{89E31797-9A92-42A6-BD9D-3D02C23029BD}.Release|Any CPU.ActiveCfg = Release|Any CPU
	EndGlobalSection
	GlobalSection(SolutionProperties) = preSolution
		HideSolutionNode = FALSE
	EndGlobalSection
	GlobalSection(ExtensibilityGlobals) = postSolution
		SolutionGuid = {54035797-BD80-4F90-8521-FB9DDD06A190}
	EndGlobalSection
EndGlobal
